
Microsoft Visual Studio Solution File, Format Version 12.00
# Visual Studio Version 16
VisualStudioVersion = 16.0.31112.23
MinimumVisualStudioVersion = 10.0.40219.1
Project("{9A19103F-16F7-4668-BE54-9A1E7A4F7556}") = "OrdenamientoMercancia", "OrdenamientoMercancia\OrdenamientoMercancia.csproj", "{B020B258-EBE3-4D46-BB9D-578A13CAA9C1}"
EndProject
Project("{FAE04EC0-301F-11D3-BF4B-00C04F79EFBC}") = "OrdenamientoMercancia.Persistencia", "OrdenamientoMercancia.Persistencia\OrdenamientoMercancia.Persistencia.csproj", "{6DCA927B-3BF3-4793-8A25-727DB2FC00F5}"
EndProject
Project("{FAE04EC0-301F-11D3-BF4B-00C04F79EFBC}") = "InterfazUsuario", "InterfazUsuario\InterfazUsuario.csproj", "{940D61FA-B329-4CA8-B6CD-00135A3252B1}"
EndProject
Global
	GlobalSection(SolutionConfigurationPlatforms) = preSolution
		Debug|Any CPU = Debug|Any CPU
		Release|Any CPU = Release|Any CPU
	EndGlobalSection
	GlobalSection(ProjectConfigurationPlatforms) = postSolution
		{B020B258-EBE3-4D46-BB9D-578A13CAA9C1}.Debug|Any CPU.ActiveCfg = Debug|Any CPU
		{B020B258-EBE3-4D46-BB9D-578A13CAA9C1}.Debug|Any CPU.Build.0 = Debug|Any CPU
		{B020B258-EBE3-4D46-BB9D-578A13CAA9C1}.Release|Any CPU.ActiveCfg = Release|Any CPU
		{B020B258-EBE3-4D46-BB9D-578A13CAA9C1}.Release|Any CPU.Build.0 = Release|Any CPU
		{6DCA927B-3BF3-4793-8A25-727DB2FC00F5}.Debug|Any CPU.ActiveCfg = Debug|Any CPU
		{6DCA927B-3BF3-4793-8A25-727DB2FC00F5}.Debug|Any CPU.Build.0 = Debug|Any CPU
		{6DCA927B-3BF3-4793-8A25-727DB2FC00F5}.Release|Any CPU.ActiveCfg = Release|Any CPU
		{6DCA927B-3BF3-4793-8A25-727DB2FC00F5}.Release|Any CPU.Build.0 = Release|Any CPU
		{940D61FA-B329-4CA8-B6CD-00135A3252B1}.Debug|Any CPU.ActiveCfg = Debug|Any CPU
		{940D61FA-B329-4CA8-B6CD-00135A3252B1}.Debug|Any CPU.Build.0 = Debug|Any CPU
		{940D61FA-B329-4CA8-B6CD-00135A3252B1}.Release|Any CPU.ActiveCfg = Release|Any CPU
		{940D61FA-B329-4CA8-B6CD-00135A3252B1}.Release|Any CPU.Build.0 = Release|Any CPU
	EndGlobalSection
	GlobalSection(SolutionProperties) = preSolution
		HideSolutionNode = FALSE
	EndGlobalSection
	GlobalSection(ExtensibilityGlobals) = postSolution
		SolutionGuid = {C95D4FE8-9AB3-41F3-8483-5A88DEA7A6DF}
	EndGlobalSection
EndGlobal
